
Microsoft Visual Studio Solution File, Format Version 12.00
# Visual Studio 2012
Project("{FAE04EC0-301F-11D3-BF4B-00C04F79EFBC}") = "LockStepSimpleFramework", "LockStepSimpleFramework.csproj", "{ECE38AA4-D0E5-4F6A-841B-D3B51F19079C}"
EndProject
Global
	GlobalSection(SolutionConfigurationPlatforms) = preSolution
		Debug|x86 = Debug|x86
		Release|x86 = Release|x86
	EndGlobalSection
	GlobalSection(ProjectConfigurationPlatforms) = postSolution
		{ECE38AA4-D0E5-4F6A-841B-D3B51F19079C}.Debug|x86.ActiveCfg = Debug|x86
		{ECE38AA4-D0E5-4F6A-841B-D3B51F19079C}.Debug|x86.Build.0 = Debug|x86
		{ECE38AA4-D0E5-4F6A-841B-D3B51F19079C}.Release|x86.ActiveCfg = Release|x86
		{ECE38AA4-D0E5-4F6A-841B-D3B51F19079C}.Release|x86.Build.0 = Release|x86
	EndGlobalSection
EndGlobal
